
Microsoft Visual Studio Solution File, Format Version 12.00
Project("{FAE04EC0-301F-11D3-BF4B-00C04F79EFBC}") = "Buildings.WebApi", "Buildings.WebApi\Buildings.WebApi.csproj", "{3C3896BE-546C-4D67-BEF9-5F4E5624D244}"
EndProject
Project("{2150E333-8FDC-42A3-9474-1A3956D46DE8}") = "Solution Items", "Solution Items", "{6D05E13F-20E3-4279-ACC9-FE7784A888BD}"
	ProjectSection(SolutionItems) = preProject
		compose.yaml = compose.yaml
	EndProjectSection
EndProject
Project("{FAE04EC0-301F-11D3-BF4B-00C04F79EFBC}") = "Dev", "Dev\Dev.csproj", "{13806DEC-D0B2-47BB-97BA-0442BF3F6726}"
EndProject
Global
	GlobalSection(SolutionConfigurationPlatforms) = preSolution
		Debug|Any CPU = Debug|Any CPU
		Release|Any CPU = Release|Any CPU
	EndGlobalSection
	GlobalSection(ProjectConfigurationPlatforms) = postSolution
		{3C3896BE-546C-4D67-BEF9-5F4E5624D244}.Debug|Any CPU.ActiveCfg = Debug|Any CPU
		{3C3896BE-546C-4D67-BEF9-5F4E5624D244}.Debug|Any CPU.Build.0 = Debug|Any CPU
		{3C3896BE-546C-4D67-BEF9-5F4E5624D244}.Release|Any CPU.ActiveCfg = Release|Any CPU
		{3C3896BE-546C-4D67-BEF9-5F4E5624D244}.Release|Any CPU.Build.0 = Release|Any CPU
		{13806DEC-D0B2-47BB-97BA-0442BF3F6726}.Debug|Any CPU.ActiveCfg = Debug|Any CPU
		{13806DEC-D0B2-47BB-97BA-0442BF3F6726}.Debug|Any CPU.Build.0 = Debug|Any CPU
		{13806DEC-D0B2-47BB-97BA-0442BF3F6726}.Release|Any CPU.ActiveCfg = Release|Any CPU
		{13806DEC-D0B2-47BB-97BA-0442BF3F6726}.Release|Any CPU.Build.0 = Release|Any CPU
	EndGlobalSection
EndGlobal
